
Microsoft Visual Studio Solution File, Format Version 12.00
# Visual Studio Version 17
VisualStudioVersion = 17.4.33205.214
MinimumVisualStudioVersion = 10.0.40219.1
Project("{FAE04EC0-301F-11D3-BF4B-00C04F79EFBC}") = "FlashKardid.Android", "FlashKardid\FlashKardid.Android\FlashKardid.Android.csproj", "{2F6DC9F0-7B06-4A63-AE6E-7CAFF95C72A8}"
EndProject
Project("{FAE04EC0-301F-11D3-BF4B-00C04F79EFBC}") = "FlashKardid", "FlashKardid\FlashKardid\FlashKardid.csproj", "{11BEF1FB-7926-4591-92BB-EFB3A5073AA7}"
EndProject
Global
	GlobalSection(SolutionConfigurationPlatforms) = preSolution
		Debug|Any CPU = Debug|Any CPU
		Release|Any CPU = Release|Any CPU
	EndGlobalSection
	GlobalSection(ProjectConfigurationPlatforms) = postSolution
		{2F6DC9F0-7B06-4A63-AE6E-7CAFF95C72A8}.Debug|Any CPU.ActiveCfg = Debug|Any CPU
		{2F6DC9F0-7B06-4A63-AE6E-7CAFF95C72A8}.Debug|Any CPU.Build.0 = Debug|Any CPU
		{2F6DC9F0-7B06-4A63-AE6E-7CAFF95C72A8}.Debug|Any CPU.Deploy.0 = Debug|Any CPU
		{2F6DC9F0-7B06-4A63-AE6E-7CAFF95C72A8}.Release|Any CPU.ActiveCfg = Release|Any CPU
		{2F6DC9F0-7B06-4A63-AE6E-7CAFF95C72A8}.Release|Any CPU.Build.0 = Release|Any CPU
		{2F6DC9F0-7B06-4A63-AE6E-7CAFF95C72A8}.Release|Any CPU.Deploy.0 = Release|Any CPU
		{11BEF1FB-7926-4591-92BB-EFB3A5073AA7}.Debug|Any CPU.ActiveCfg = Debug|Any CPU
		{11BEF1FB-7926-4591-92BB-EFB3A5073AA7}.Debug|Any CPU.Build.0 = Debug|Any CPU
		{11BEF1FB-7926-4591-92BB-EFB3A5073AA7}.Debug|Any CPU.Deploy.0 = Debug|Any CPU
		{11BEF1FB-7926-4591-92BB-EFB3A5073AA7}.Release|Any CPU.ActiveCfg = Release|Any CPU
		{11BEF1FB-7926-4591-92BB-EFB3A5073AA7}.Release|Any CPU.Build.0 = Release|Any CPU
		{11BEF1FB-7926-4591-92BB-EFB3A5073AA7}.Release|Any CPU.Deploy.0 = Release|Any CPU
	EndGlobalSection
	GlobalSection(SolutionProperties) = preSolution
		HideSolutionNode = FALSE
	EndGlobalSection
	GlobalSection(ExtensibilityGlobals) = postSolution
		SolutionGuid = {5D2E9F9C-163C-49C8-906D-9F1353E81000}
	EndGlobalSection
EndGlobal
